
Microsoft Visual Studio Solution File, Format Version 12.00
# Visual Studio 14
VisualStudioVersion = 14.0.25420.1
MinimumVisualStudioVersion = 10.0.40219.1
Project("{FAE04EC0-301F-11D3-BF4B-00C04F79EFBC}") = "EmployeeService", "EmployeeService\EmployeeService.csproj", "{F10B26EB-7C49-450E-91EC-DFA2C2D3ED0C}"
EndProject
Project("{FAE04EC0-301F-11D3-BF4B-00C04F79EFBC}") = "EmployeeDataAccess", "EmployeeDataAccess\EmployeeDataAccess.csproj", "{4B1B1C41-5D44-4151-AA4A-C62664CF2C95}"
EndProject
Global
	GlobalSection(SolutionConfigurationPlatforms) = preSolution
		Debug|Any CPU = Debug|Any CPU
		Release|Any CPU = Release|Any CPU
	EndGlobalSection
	GlobalSection(ProjectConfigurationPlatforms) = postSolution
		{F10B26EB-7C49-450E-91EC-DFA2C2D3ED0C}.Debug|Any CPU.ActiveCfg = Debug|Any CPU
		{F10B26EB-7C49-450E-91EC-DFA2C2D3ED0C}.Debug|Any CPU.Build.0 = Debug|Any CPU
		{F10B26EB-7C49-450E-91EC-DFA2C2D3ED0C}.Release|Any CPU.ActiveCfg = Release|Any CPU
		{F10B26EB-7C49-450E-91EC-DFA2C2D3ED0C}.Release|Any CPU.Build.0 = Release|Any CPU
		{4B1B1C41-5D44-4151-AA4A-C62664CF2C95}.Debug|Any CPU.ActiveCfg = Debug|Any CPU
		{4B1B1C41-5D44-4151-AA4A-C62664CF2C95}.Debug|Any CPU.Build.0 = Debug|Any CPU
		{4B1B1C41-5D44-4151-AA4A-C62664CF2C95}.Release|Any CPU.ActiveCfg = Release|Any CPU
		{4B1B1C41-5D44-4151-AA4A-C62664CF2C95}.Release|Any CPU.Build.0 = Release|Any CPU
	EndGlobalSection
	GlobalSection(SolutionProperties) = preSolution
		HideSolutionNode = FALSE
	EndGlobalSection
	GlobalSection(ExtensibilityGlobals) = postSolution
		SolutionGuid = {9C7D38E0-CB3F-4085-B647-C66160E8514A}
	EndGlobalSection
EndGlobal
